{
  "name": "pyret-docs",
  "version": "0.0.0",
  "lockfileVersion": 2,
  "requires": true,
  "packages": {
    "": {
      "name": "pyret-docs",
      "version": "0.0.0",
      "license": "Apache-2.0",
      "dependencies": {
        "codemirror": "^5.58.2",
        "pyret-codemirror-mode": "git+https://github.com/brownplt/pyret-codemirror-mode.git#horizon",
        "pyret-embed": "^0.0.1"
      }
    },
    "node_modules/codemirror": {
      "version": "5.58.2",
      "resolved": "https://registry.npmjs.org/codemirror/-/codemirror-5.58.2.tgz",
      "integrity": "sha512-K/hOh24cCwRutd1Mk3uLtjWzNISOkm4fvXiMO7LucCrqbh6aJDdtqUziim3MZUI6wOY0rvY1SlL1Ork01uMy6w=="
    },
    "node_modules/pyret-codemirror-mode": {
      "version": "0.0.0",
      "resolved": "git+ssh://git@github.com/brownplt/pyret-codemirror-mode.git#d5337cdf5588004c0d2f5153d83088fe69702001",
      "integrity": "sha512-rUnoWmeLEJTUwGw56Yfh+I2qjo5cMjSSkL9S9fW9HvCV5KCSoOvYw1gE6HGgfcH/a9Pw5dPlv/o3u908NFMLaw==",
      "license": "Apache-2.0",
      "dependencies": {
        "codemirror": "^5.x"
      }
    },
    "node_modules/pyret-embed": {
      "version": "0.0.1",
      "resolved": "https://registry.npmjs.org/pyret-embed/-/pyret-embed-0.0.1.tgz",
      "integrity": "sha512-sKgzi9OpE/QJVaMDlAyQ4P/WTRGC++HahhCEWxVBhPNlZK58nFarPHO6lYR/cCMdvAUJJ4JqRH88EeVZ3DVO3w==",
      "license": "ISC"
    }
  },
  "dependencies": {
    "codemirror": {
      "version": "5.58.2",
      "resolved": "https://registry.npmjs.org/codemirror/-/codemirror-5.58.2.tgz",
      "integrity": "sha512-K/hOh24cCwRutd1Mk3uLtjWzNISOkm4fvXiMO7LucCrqbh6aJDdtqUziim3MZUI6wOY0rvY1SlL1Ork01uMy6w=="
    },
    "pyret-codemirror-mode": {
      "version": "git+ssh://git@github.com/brownplt/pyret-codemirror-mode.git#d5337cdf5588004c0d2f5153d83088fe69702001",
      "integrity": "sha512-rUnoWmeLEJTUwGw56Yfh+I2qjo5cMjSSkL9S9fW9HvCV5KCSoOvYw1gE6HGgfcH/a9Pw5dPlv/o3u908NFMLaw==",
      "from": "pyret-codemirror-mode@git+https://github.com/brownplt/pyret-codemirror-mode.git#horizon",
      "requires": {
        "codemirror": "^5.x"
      }
    },
    "pyret-embed": {
      "version": "0.0.1",
      "resolved": "https://registry.npmjs.org/pyret-embed/-/pyret-embed-0.0.1.tgz",
      "integrity": "sha512-sKgzi9OpE/QJVaMDlAyQ4P/WTRGC++HahhCEWxVBhPNlZK58nFarPHO6lYR/cCMdvAUJJ4JqRH88EeVZ3DVO3w=="
    }
  }
}
