{
  "name": "pyret-docs",
  "version": "0.0.0",
  "lockfileVersion": 1,
  "requires": true,
  "dependencies": {
    "codemirror": {
      "version": "5.58.2",
      "resolved": "https://registry.npmjs.org/codemirror/-/codemirror-5.58.2.tgz",
      "integrity": "sha512-K/hOh24cCwRutd1Mk3uLtjWzNISOkm4fvXiMO7LucCrqbh6aJDdtqUziim3MZUI6wOY0rvY1SlL1Ork01uMy6w=="
    },
    "pyret-codemirror-mode": {
      "version": "git://github.com/brownplt/pyret-codemirror-mode.git#d5337cdf5588004c0d2f5153d83088fe69702001",
      "from": "git://github.com/brownplt/pyret-codemirror-mode.git#horizon",
      "requires": {
        "codemirror": "^5.x"
      }
    }
  }
}
