{
  "name": "pyret-docs",
  "version": "0.0.0",
  "lockfileVersion": 1,
  "requires": true,
  "dependencies": {
    "codemirror": {
      "version": "5.48.4",
      "resolved": "https://registry.npmjs.org/codemirror/-/codemirror-5.48.4.tgz",
      "integrity": "sha512-pUhZXDQ6qXSpWdwlgAwHEkd4imA0kf83hINmUEzJpmG80T/XLtDDEzZo8f6PQLuRCcUQhmzqqIo3ZPTRaWByRA=="
    },
    "pyret-codemirror-mode": {
      "version": "git://github.com/brownplt/pyret-codemirror-mode.git#d5337cdf5588004c0d2f5153d83088fe69702001",
      "from": "git://github.com/brownplt/pyret-codemirror-mode.git#horizon",
      "requires": {
        "codemirror": "^5.x"
      }
    }
  }
}
